{
  "name": "unsplash",
  "version": "1.0.0",
  "lockfileVersion": 1,
  "requires": true,
  "dependencies": {
    "@types/content-type": {
      "version": "1.1.3",
      "resolved": "https://registry.npmjs.org/@types/content-type/-/content-type-1.1.3.tgz",
      "integrity": "sha512-pv8VcFrZ3fN93L4rTNIbbUzdkzjEyVMp5mPVjsFfOYTDOZMZiZ8P1dhu+kEv3faYyKzZgLlSvnyQNFg+p/v5ug=="
    },
    "content-type": {
      "version": "1.0.4",
      "resolved": "https://registry.npmjs.org/content-type/-/content-type-1.0.4.tgz",
      "integrity": "sha512-hIP3EEPs8tB9AT1L+NUqtwOAps4mk2Zob89MWXMHjHWg9milF/j4osnnQLXBCBFBk/tvIG/tUc9mOUJiPBhPXA=="
    },
    "dotenv": {
      "version": "10.0.0",
      "resolved": "https://registry.npmjs.org/dotenv/-/dotenv-10.0.0.tgz",
      "integrity": "sha512-rlBi9d8jpv9Sf1klPjNfFAuWDjKLwTIJJ/VxtoTwIR6hnZxcEOQCZg2oIL3MWBYw5GpUDKOEnND7LXTbIpQ03Q=="
    },
    "node-fetch": {
      "version": "2.6.1",
      "resolved": "https://registry.npmjs.org/node-fetch/-/node-fetch-2.6.1.tgz",
      "integrity": "sha512-V4aYg89jEoVRxRb2fJdAg8FHvI7cEyYdVAh94HH0UIK8oJxUfkjlDQN9RbMx+bEjP7+ggMiFRprSti032Oipxw=="
    },
    "unsplash-js": {
      "version": "7.0.13",
      "resolved": "https://registry.npmjs.org/unsplash-js/-/unsplash-js-7.0.13.tgz",
      "integrity": "sha512-d9G1/IGee0Am7HWH9nfuNeXuyHpZ+YEUelBiDXEJRXOgLxOIY1mbWeXZjGPIWZYU9jdzs11UDBPsIQGmZ6n9JQ==",
      "requires": {
        "@types/content-type": "^1.1.3",
        "content-type": "^1.0.4"
      }
    }
  }
}
